lockfileVersion: '9.0'

settings:
  autoInstallPeers: true
  excludeLinksFromLockfile: false

importers:

  .: {}

  packages/shared:
    dependencies:
      zod:
        specifier: ^4.4.3
        version: 4.6.5
    devDependencies:
      typescript:
        specifier: 5.9.3
        version: 5.9.3

  packages/studio:
    dependencies:
      '@agentic-canvas/shared':
        specifier: workspace:*
        version: link:../shared
    devDependencies:
      typescript:
        specifier: 5.9.3
        version: 5.9.3

packages:

  typescript@5.9.3:
    resolution: {integrity: sha512-jl1vZzPDinLr9eUt3J/t7V6FgNEw9QjvBPdysz9KfQDD41fQrC2Y4vKQdiaUpFT4bXlb1RHhLpp8wtm6M5TgSw==}
    engines: {node: '>=14.17'}
    hasBin: true

  zod@4.6.5:
    resolution: {integrity: sha512-v5l/aFXZQeai4awLbOpSoHecE9UiMrnfx75tEXLjNonXVARxQ5mOeipTjROUchszUNCqnE+hqAMujRsRHsut2Q==}

snapshots:

  typescript@5.9.3: {}

  zod@4.6.5: {}
